
Microsoft Visual Studio Solution File, Format Version 12.00
# Visual Studio Version 17
VisualStudioVersion = 17.7.34031.279
MinimumVisualStudioVersion = 10.0.40219.1
Project("{FAE04EC0-301F-11D3-BF4B-00C04F79EFBC}") = "CapaPresentacionAdmin", "CapaPresentacionAdmin\CapaPresentacionAdmin.csproj", "{96943D62-07FC-4375-B3FD-3EC9E1BEDF8C}"
EndProject
Project("{FAE04EC0-301F-11D3-BF4B-00C04F79EFBC}") = "CapaPresentacionTienda", "CapaPresentacionTienda\CapaPresentacionTienda.csproj", "{648FAFE0-43C6-42A1-9A8B-A5384B8E44F4}"
EndProject
Project("{FAE04EC0-301F-11D3-BF4B-00C04F79EFBC}") = "CapaDatos", "CapaDatos\CapaDatos.csproj", "{CDD5668A-6C4C-4E0B-84FE-84AE2E4BC541}"
EndProject
Project("{FAE04EC0-301F-11D3-BF4B-00C04F79EFBC}") = "CapaEntidad", "CapaEntidad\CapaEntidad.csproj", "{9620A142-AEFE-4FF5-B480-D412DF0C6A7C}"
EndProject
Project("{FAE04EC0-301F-11D3-BF4B-00C04F79EFBC}") = "CapaNegocio", "CapaNegocio\CapaNegocio.csproj", "{069010BB-94D7-4383-AF3E-8CAB08058CD7}"
EndProject
Global
	GlobalSection(SolutionConfigurationPlatforms) = preSolution
		Debug|Any CPU = Debug|Any CPU
		Release|Any CPU = Release|Any CPU
	EndGlobalSection
	GlobalSection(ProjectConfigurationPlatforms) = postSolution
		{96943D62-07FC-4375-B3FD-3EC9E1BEDF8C}.Debug|Any CPU.ActiveCfg = Debug|Any CPU
		{96943D62-07FC-4375-B3FD-3EC9E1BEDF8C}.Debug|Any CPU.Build.0 = Debug|Any CPU
		{96943D62-07FC-4375-B3FD-3EC9E1BEDF8C}.Release|Any CPU.ActiveCfg = Release|Any CPU
		{96943D62-07FC-4375-B3FD-3EC9E1BEDF8C}.Release|Any CPU.Build.0 = Release|Any CPU
		{648FAFE0-43C6-42A1-9A8B-A5384B8E44F4}.Debug|Any CPU.ActiveCfg = Debug|Any CPU
		{648FAFE0-43C6-42A1-9A8B-A5384B8E44F4}.Debug|Any CPU.Build.0 = Debug|Any CPU
		{648FAFE0-43C6-42A1-9A8B-A5384B8E44F4}.Release|Any CPU.ActiveCfg = Release|Any CPU
		{648FAFE0-43C6-42A1-9A8B-A5384B8E44F4}.Release|Any CPU.Build.0 = Release|Any CPU
		{CDD5668A-6C4C-4E0B-84FE-84AE2E4BC541}.Debug|Any CPU.ActiveCfg = Debug|Any CPU
		{CDD5668A-6C4C-4E0B-84FE-84AE2E4BC541}.Debug|Any CPU.Build.0 = Debug|Any CPU
		{CDD5668A-6C4C-4E0B-84FE-84AE2E4BC541}.Release|Any CPU.ActiveCfg = Release|Any CPU
		{CDD5668A-6C4C-4E0B-84FE-84AE2E4BC541}.Release|Any CPU.Build.0 = Release|Any CPU
		{9620A142-AEFE-4FF5-B480-D412DF0C6A7C}.Debug|Any CPU.ActiveCfg = Debug|Any CPU
		{9620A142-AEFE-4FF5-B480-D412DF0C6A7C}.Debug|Any CPU.Build.0 = Debug|Any CPU
		{9620A142-AEFE-4FF5-B480-D412DF0C6A7C}.Release|Any CPU.ActiveCfg = Release|Any CPU
		{9620A142-AEFE-4FF5-B480-D412DF0C6A7C}.Release|Any CPU.Build.0 = Release|Any CPU
		{069010BB-94D7-4383-AF3E-8CAB08058CD7}.Debug|Any CPU.ActiveCfg = Debug|Any CPU
		{069010BB-94D7-4383-AF3E-8CAB08058CD7}.Debug|Any CPU.Build.0 = Debug|Any CPU
		{069010BB-94D7-4383-AF3E-8CAB08058CD7}.Release|Any CPU.ActiveCfg = Release|Any CPU
		{069010BB-94D7-4383-AF3E-8CAB08058CD7}.Release|Any CPU.Build.0 = Release|Any CPU
	EndGlobalSection
	GlobalSection(SolutionProperties) = preSolution
		HideSolutionNode = FALSE
	EndGlobalSection
	GlobalSection(ExtensibilityGlobals) = postSolution
		SolutionGuid = {ADC8173D-0BD6-4F1A-A1FB-BA5AAFF77602}
	EndGlobalSection
EndGlobal
